
Microsoft Visual Studio Solution File, Format Version 12.00
Project("{FAE04EC0-301F-11D3-BF4B-00C04F79EFBC}") = "LanzhouBeefNoodles", "LanzhouBeefNoodles\LanzhouBeefNoodles.csproj", "{A2116BF5-2F64-4C55-BFAD-95C6A71FD880}"
EndProject
Global
	GlobalSection(SolutionConfigurationPlatforms) = preSolution
		Debug|Any CPU = Debug|Any CPU
		Release|Any CPU = Release|Any CPU
	EndGlobalSection
	GlobalSection(ProjectConfigurationPlatforms) = postSolution
		{A2116BF5-2F64-4C55-BFAD-95C6A71FD880}.Debug|Any CPU.ActiveCfg = Debug|Any CPU
		{A2116BF5-2F64-4C55-BFAD-95C6A71FD880}.Debug|Any CPU.Build.0 = Debug|Any CPU
		{A2116BF5-2F64-4C55-BFAD-95C6A71FD880}.Release|Any CPU.ActiveCfg = Release|Any CPU
		{A2116BF5-2F64-4C55-BFAD-95C6A71FD880}.Release|Any CPU.Build.0 = Release|Any CPU
	EndGlobalSection
EndGlobal
